# THIS IS AN AUTOGENERATED FILE. DO NOT EDIT THIS FILE DIRECTLY.
# yarn lockfile v1


"@next/env@13.0.7-canary.5":
  version "13.0.7-canary.5"
  resolved "https://registry.yarnpkg.com/@next/env/-/env-13.0.7-canary.5.tgz#d52c235e3f0db8c870281415efe9fb0fada72323"
  integrity sha512-5xVR4tfJzWy0xxVZle0ciFAzk3HTF/ID7OmbvEYIIvnIPUk2M2fNET84ZwdV9kULfJHyp8hkT2+HgStPDQkunQ==

"@next/swc-android-arm-eabi@13.0.7-canary.5":
  version "13.0.7-canary.5"
  resolved "https://registry.yarnpkg.com/@next/swc-android-arm-eabi/-/swc-android-arm-eabi-13.0.7-canary.5.tgz#4fcebcf6d608b251abf9f2d172926ff820ad0f24"
  integrity sha512-CPY0CBO3DKHVLlNMDmtFRknp3WRmsO81G8sw1taXy+L7yFButtObn5k9kYQNNDGhQ9dF5XR8K29+DzZbmpRydQ==

"@next/swc-android-arm64@13.0.7-canary.5":
  version "13.0.7-canary.5"
  resolved "https://registry.yarnpkg.com/@next/swc-android-arm64/-/swc-android-arm64-13.0.7-canary.5.tgz#f1aa1c03ded06cd86d9bcb23de4d28b592b33c71"
  integrity sha512-Wayf63txKGWH1TctAGyir8t9QW2vp+fsfx5rNOPelEdvq1J8wyUDuRZ/3moSeajksy5bIkOkHf3wyj3zbx7tog==

"@next/swc-darwin-arm64@13.0.7-canary.5":
  version "13.0.7-canary.5"
  resolved "https://registry.yarnpkg.com/@next/swc-darwin-arm64/-/swc-darwin-arm64-13.0.7-canary.5.tgz#5069a94a9ecc4a884dc1205f1d037959ef4ff4e8"
  integrity sha512-gP9NtuXF7hDux5IzEw+Ya1H0YRXvQErTdhCTwgZbwZVRXZkpdw5tD/KCS8xidtY12J3flWYQMjAZjDkEHxzv4w==

"@next/swc-darwin-x64@13.0.7-canary.5":
  version "13.0.7-canary.5"
  resolved "https://registry.yarnpkg.com/@next/swc-darwin-x64/-/swc-darwin-x64-13.0.7-canary.5.tgz#366c0f94e6d5792575fb0f457f88a930be69e17b"
  integrity sha512-mznhpCPZMg2KHCBf0vcrcXhee/Zl0Lwj1gl1DrFJUTkEIc/32kVWI+kARWpsSLTRC2Tsgb/FjuKdFSWHXY8EEw==

"@next/swc-freebsd-x64@13.0.7-canary.5":
  version "13.0.7-canary.5"
  resolved "https://registry.yarnpkg.com/@next/swc-freebsd-x64/-/swc-freebsd-x64-13.0.7-canary.5.tgz#8434ac3024f00d7629470f58b7b35048204301bc"
  integrity sha512-eKZ599m7iudWS/3lbUOZezrczOFU94wE0ugkB8AeOn4S4VlBN+RGNoEZQD3cpyR+lmipi2E83NQIn1sMSyPmOA==

"@next/swc-linux-arm-gnueabihf@13.0.7-canary.5":
  version "13.0.7-canary.5"
  resolved "https://registry.yarnpkg.com/@next/swc-linux-arm-gnueabihf/-/swc-linux-arm-gnueabihf-13.0.7-canary.5.tgz#07b96a7e34d5b69bf92b932adf0b30fedf2eb2d3"
  integrity sha512-J2R5fnhVZNo8kIMDaMRKANjC9OT5dLDncQqY0XBDxr3e1ZEqu1gb4dLCToAUy+M25vBdgkxG09ump67nm4YppA==

"@next/swc-linux-arm64-gnu@13.0.7-canary.5":
  version "13.0.7-canary.5"
  resolved "https://registry.yarnpkg.com/@next/swc-linux-arm64-gnu/-/swc-linux-arm64-gnu-13.0.7-canary.5.tgz#539318837d5e30bc5ce9d2dc6119f1b3101fa43b"
  integrity sha512-hW/Rq8Pne+rzHa1sLTlv1gQ1p+cqeBPkR0LVgtZRNUMEZBO/qh5761CGspRg2u58UUk2NMhwksvmxqIVhM+hBQ==

"@next/swc-linux-arm64-musl@13.0.7-canary.5":
  version "13.0.7-canary.5"
  resolved "https://registry.yarnpkg.com/@next/swc-linux-arm64-musl/-/swc-linux-arm64-musl-13.0.7-canary.5.tgz#b3f70b252330c4a9e7ef9eedf5faf6d05dcd57f8"
  integrity sha512-3z21FjI0LdG/qy60tCre6TlB7fw6I1vMiQ26LN5ph+fEdPcgPij+fslWTIx5kHtMyVLbDFIJIvtFXVm7zSVv7w==

"@next/swc-linux-x64-gnu@13.0.7-canary.5":
  version "13.0.7-canary.5"
  resolved "https://registry.yarnpkg.com/@next/swc-linux-x64-gnu/-/swc-linux-x64-gnu-13.0.7-canary.5.tgz#7606ba0f765d2041b1fc99da91d0d0035893cbbe"
  integrity sha512-EjRA11TpVMnlZkUouoshzjWoNSnW1gigvG1TZ26nCgoUQNP7De4V9lkODpDZAVP2dYCojIyFSDiG+06Wnm1vYQ==

"@next/swc-linux-x64-musl@13.0.7-canary.5":
  version "13.0.7-canary.5"
  resolved "https://registry.yarnpkg.com/@next/swc-linux-x64-musl/-/swc-linux-x64-musl-13.0.7-canary.5.tgz#3d43fea63cfce7e8b52371cbc84820fc3c9c44b4"
  integrity sha512-iRrSnCkVzVJQv84kJ33fvHSEEL9MtADcKbPph8tEAP5a4pWjIA73JTFtY/oJyCcRfFkQc/auxZk4xtDm2CmIiQ==

"@next/swc-win32-arm64-msvc@13.0.7-canary.5":
  version "13.0.7-canary.5"
  resolved "https://registry.yarnpkg.com/@next/swc-win32-arm64-msvc/-/swc-win32-arm64-msvc-13.0.7-canary.5.tgz#f038030919cfa0e172ecdc07d315db42e372d5c4"
  integrity sha512-nHDG6WEJ+BVrlrKw5dOV44cAQ4b9jZhAAj/fCECcbg/NW4nZQR+UvyxnAKbLLbzydpDxJ92m2M0sLi+lVQjFPw==

"@next/swc-win32-ia32-msvc@13.0.7-canary.5":
  version "13.0.7-canary.5"
  resolved "https://registry.yarnpkg.com/@next/swc-win32-ia32-msvc/-/swc-win32-ia32-msvc-13.0.7-canary.5.tgz#8b87fa3be255f9361f92099f243d6e4f40e32d06"
  integrity sha512-4MjRK4u1u7ah2pQA7meIJY33AOaM6ItXq7Nw5lcVBrL5moOHjGGdFHmsGr8q62dEqfgKfNQImHBKR77i77xptQ==

"@next/swc-win32-x64-msvc@13.0.7-canary.5":
  version "13.0.7-canary.5"
  resolved "https://registry.yarnpkg.com/@next/swc-win32-x64-msvc/-/swc-win32-x64-msvc-13.0.7-canary.5.tgz#05b5ca2a6e06582b59f6f93b799a47b0a868cdfe"
  integrity sha512-FaybOo38z3rumAtB/stmv3X0D4qy5RdCbTLucMlFrmgJLttFQURi2H8Z0GfTAL4tIZlgLK/zK5cqDoA52c1Atg==

"@swc/helpers@0.4.14":
  version "0.4.14"
  resolved "https://registry.yarnpkg.com/@swc/helpers/-/helpers-0.4.14.tgz#1352ac6d95e3617ccb7c1498ff019654f1e12a74"
  integrity sha512-4C7nX/dvpzB7za4Ql9K81xK3HPxCpHMgwTZVyf+9JQ6VUbn9jjZVN7/Nkdz/Ugzs2CSjqnL/UPXroiVBVHUWUw==
  dependencies:
    tslib "^2.4.0"

"@types/node@18.11.14":
  version "18.11.14"
  resolved "https://registry.yarnpkg.com/@types/node/-/node-18.11.14.tgz#a8571b25f3a31e9ded14e3ab9488509adef831d8"
  integrity sha512-0KXV57tENYmmJMl+FekeW9V3O/rlcqGQQJ/hNh9r8pKIj304pskWuEd8fCyNT86g/TpO0gcOTiLzsHLEURFMIQ==

"@types/prop-types@*":
  version "15.7.5"
  resolved "https://registry.yarnpkg.com/@types/prop-types/-/prop-types-15.7.5.tgz#5f19d2b85a98e9558036f6a3cacc8819420f05cf"
  integrity sha512-JCB8C6SnDoQf0cNycqd/35A7MjcnK+ZTqE7judS6o7utxUCg6imJg3QK2qzHKszlTjcj2cn+NwMB2i96ubpj7w==

"@types/react-dom@18.0.9":
  version "18.0.9"
  resolved "https://registry.yarnpkg.com/@types/react-dom/-/react-dom-18.0.9.tgz#ffee5e4bfc2a2f8774b15496474f8e7fe8d0b504"
  integrity sha512-qnVvHxASt/H7i+XG1U1xMiY5t+IHcPGUK7TDMDzom08xa7e86eCeKOiLZezwCKVxJn6NEiiy2ekgX8aQssjIKg==
  dependencies:
    "@types/react" "*"

"@types/react@*", "@types/react@18.0.26":
  version "18.0.26"
  resolved "https://registry.yarnpkg.com/@types/react/-/react-18.0.26.tgz#8ad59fc01fef8eaf5c74f4ea392621749f0b7917"
  integrity sha512-hCR3PJQsAIXyxhTNSiDFY//LhnMZWpNNr5etoCqx/iUfGc5gXWtQR2Phl908jVR6uPXacojQWTg4qRpkxTuGug==
  dependencies:
    "@types/prop-types" "*"
    "@types/scheduler" "*"
    csstype "^3.0.2"

"@types/scheduler@*":
  version "0.16.2"
  resolved "https://registry.yarnpkg.com/@types/scheduler/-/scheduler-0.16.2.tgz#1a62f89525723dde24ba1b01b092bf5df8ad4d39"
  integrity sha512-hppQEBDmlwhFAXKJX2KnWLYu5yMfi91yazPb2l+lbJiwW+wdo1gNeRA+3RgNSO39WYX2euey41KEwnqesU2Jew==

caniuse-lite@^1.0.30001406:
  version "1.0.30001439"
  resolved "https://registry.yarnpkg.com/caniuse-lite/-/caniuse-lite-1.0.30001439.tgz#ab7371faeb4adff4b74dad1718a6fd122e45d9cb"
  integrity sha512-1MgUzEkoMO6gKfXflStpYgZDlFM7M/ck/bgfVCACO5vnAf0fXoNVHdWtqGU+MYca+4bL9Z5bpOVmR33cWW9G2A==

client-only@0.0.1:
  version "0.0.1"
  resolved "https://registry.yarnpkg.com/client-only/-/client-only-0.0.1.tgz#38bba5d403c41ab150bff64a95c85013cf73bca1"
  integrity sha512-IV3Ou0jSMzZrd3pZ48nLkT9DA7Ag1pnPzaiQhpW7c3RbcqqzvzzVu+L8gfqMp/8IM2MQtSiqaCxrrcfu8I8rMA==

csstype@^3.0.2:
  version "3.1.1"
  resolved "https://registry.yarnpkg.com/csstype/-/csstype-3.1.1.tgz#841b532c45c758ee546a11d5bd7b7b473c8c30b9"
  integrity sha512-DJR/VvkAvSZW9bTouZue2sSxDwdTN92uHjqeKVm+0dAqdfNykRzQ95tay8aXMBAAPpUiq4Qcug2L7neoRh2Egw==

"js-tokens@^3.0.0 || ^4.0.0":
  version "4.0.0"
  resolved "https://registry.yarnpkg.com/js-tokens/-/js-tokens-4.0.0.tgz#19203fb59991df98e3a287050d4647cdeaf32499"
  integrity sha512-RdJUflcE3cUzKiMqQgsCu06FPu9UdIJO0beYbPhHN4k6apgJtifcoCtT9bcxOpYBtpD2kCM6Sbzg4CausW/PKQ==

loose-envify@^1.1.0:
  version "1.4.0"
  resolved "https://registry.yarnpkg.com/loose-envify/-/loose-envify-1.4.0.tgz#71ee51fa7be4caec1a63839f7e682d8132d30caf"
  integrity sha512-lyuxPGr/Wfhrlem2CL/UcnUc1zcqKAImBDzukY7Y5F/yQiNdko6+fRLevlw1HgMySw7f611UIY408EtxRSoK3Q==
  dependencies:
    js-tokens "^3.0.0 || ^4.0.0"

nanoid@^3.3.4:
  version "3.3.4"
  resolved "https://registry.yarnpkg.com/nanoid/-/nanoid-3.3.4.tgz#730b67e3cd09e2deacf03c027c81c9d9dbc5e8ab"
  integrity sha512-MqBkQh/OHTS2egovRtLk45wEyNXwF+cokD+1YPf9u5VfJiRdAiRwB2froX5Co9Rh20xs4siNPm8naNotSD6RBw==

next@^13.0.7-canary.5:
  version "13.0.7-canary.5"
  resolved "https://registry.yarnpkg.com/next/-/next-13.0.7-canary.5.tgz#c1842e160a6b70a77d307c692ed0667dc69caa96"
  integrity sha512-pN4jpZzPkziA1H8n+8Ph27y88X9XNVw6b092VFjSu1Exzi0j9rWoSDbcF+eoizA4VtBbOf3HZdn7EnEXEYiZjQ==
  dependencies:
    "@next/env" "13.0.7-canary.5"
    "@swc/helpers" "0.4.14"
    caniuse-lite "^1.0.30001406"
    postcss "8.4.14"
    styled-jsx "5.1.0"
  optionalDependencies:
    "@next/swc-android-arm-eabi" "13.0.7-canary.5"
    "@next/swc-android-arm64" "13.0.7-canary.5"
    "@next/swc-darwin-arm64" "13.0.7-canary.5"
    "@next/swc-darwin-x64" "13.0.7-canary.5"
    "@next/swc-freebsd-x64" "13.0.7-canary.5"
    "@next/swc-linux-arm-gnueabihf" "13.0.7-canary.5"
    "@next/swc-linux-arm64-gnu" "13.0.7-canary.5"
    "@next/swc-linux-arm64-musl" "13.0.7-canary.5"
    "@next/swc-linux-x64-gnu" "13.0.7-canary.5"
    "@next/swc-linux-x64-musl" "13.0.7-canary.5"
    "@next/swc-win32-arm64-msvc" "13.0.7-canary.5"
    "@next/swc-win32-ia32-msvc" "13.0.7-canary.5"
    "@next/swc-win32-x64-msvc" "13.0.7-canary.5"

picocolors@^1.0.0:
  version "1.0.0"
  resolved "https://registry.yarnpkg.com/picocolors/-/picocolors-1.0.0.tgz#cb5bdc74ff3f51892236eaf79d68bc44564ab81c"
  integrity sha512-1fygroTLlHu66zi26VoTDv8yRgm0Fccecssto+MhsZ0D/DGW2sm8E8AjW7NU5VVTRt5GxbeZ5qBuJr+HyLYkjQ==

postcss@8.4.14:
  version "8.4.14"
  resolved "https://registry.yarnpkg.com/postcss/-/postcss-8.4.14.tgz#ee9274d5622b4858c1007a74d76e42e56fd21caf"
  integrity sha512-E398TUmfAYFPBSdzgeieK2Y1+1cpdxJx8yXbK/m57nRhKSmk1GB2tO4lbLBtlkfPQTDKfe4Xqv1ASWPpayPEig==
  dependencies:
    nanoid "^3.3.4"
    picocolors "^1.0.0"
    source-map-js "^1.0.2"

react-dom@18.2.0:
  version "18.2.0"
  resolved "https://registry.yarnpkg.com/react-dom/-/react-dom-18.2.0.tgz#22aaf38708db2674ed9ada224ca4aa708d821e3d"
  integrity sha512-6IMTriUmvsjHUjNtEDudZfuDQUoWXVxKHhlEGSk81n4YFS+r/Kl99wXiwlVXtPBtJenozv2P+hxDsw9eA7Xo6g==
  dependencies:
    loose-envify "^1.1.0"
    scheduler "^0.23.0"

react@18.2.0:
  version "18.2.0"
  resolved "https://registry.yarnpkg.com/react/-/react-18.2.0.tgz#555bd98592883255fa00de14f1151a917b5d77d5"
  integrity sha512-/3IjMdb2L9QbBdWiW5e3P2/npwMBaU9mHCSCUzNln0ZCYbcfTsGbTJrU/kGemdH2IWmB2ioZ+zkxtmq6g09fGQ==
  dependencies:
    loose-envify "^1.1.0"

scheduler@^0.23.0:
  version "0.23.0"
  resolved "https://registry.yarnpkg.com/scheduler/-/scheduler-0.23.0.tgz#ba8041afc3d30eb206a487b6b384002e4e61fdfe"
  integrity sha512-CtuThmgHNg7zIZWAXi3AsyIzA3n4xx7aNyjwC2VJldO2LMVDhFK+63xGqq6CsJH4rTAt6/M+N4GhZiDYPx9eUw==
  dependencies:
    loose-envify "^1.1.0"

source-map-js@^1.0.2:
  version "1.0.2"
  resolved "https://registry.yarnpkg.com/source-map-js/-/source-map-js-1.0.2.tgz#adbc361d9c62df380125e7f161f71c826f1e490c"
  integrity sha512-R0XvVJ9WusLiqTCEiGCmICCMplcCkIwwR11mOSD9CR5u+IXYdiseeEuXCVAjS54zqwkLcPNnmU4OeJ6tUrWhDw==

styled-jsx@5.1.0:
  version "5.1.0"
  resolved "https://registry.yarnpkg.com/styled-jsx/-/styled-jsx-5.1.0.tgz#4a5622ab9714bd3fcfaeec292aa555871f057563"
  integrity sha512-/iHaRJt9U7T+5tp6TRelLnqBqiaIT0HsO0+vgyj8hK2KUk7aejFqRrumqPUlAqDwAj8IbS/1hk3IhBAAK/FCUQ==
  dependencies:
    client-only "0.0.1"

tslib@^2.4.0:
  version "2.4.1"
  resolved "https://registry.yarnpkg.com/tslib/-/tslib-2.4.1.tgz#0d0bfbaac2880b91e22df0768e55be9753a5b17e"
  integrity sha512-tGyy4dAjRIEwI7BzsB0lynWgOpfqjUdq91XXAlIWD2OwKBH7oCl/GZG/HT4BOHrTlPMOASlMQ7veyTqpmRcrNA==

typescript@4.9.4:
  version "4.9.4"
  resolved "https://registry.yarnpkg.com/typescript/-/typescript-4.9.4.tgz#a2a3d2756c079abda241d75f149df9d561091e78"
  integrity sha512-Uz+dTXYzxXXbsFpM86Wh3dKCxrQqUcVMxwU54orwlJjOpO3ao8L7j5lH+dWfTwgCwIuM9GQ2kvVotzYJMXTBZg==
