# THIS IS AN AUTOGENERATED FILE. DO NOT EDIT THIS FILE DIRECTLY.
# yarn lockfile v1


"@next/env@13.0.7-canary.6":
  version "13.0.7-canary.6"
  resolved "https://registry.yarnpkg.com/@next/env/-/env-13.0.7-canary.6.tgz#7d6abbc47f1ec389d6fbe3fb864cd5fbde8aa1df"
  integrity sha512-7eZxljNPWmgiTPuqk8ZIrZFtvtypBRJmQpzLJqar39WlS8qBlvB7iehcI2G7pMTrUI9lVrvs1nIoxADo6v1p9Q==

"@next/swc-android-arm-eabi@13.0.7-canary.6":
  version "13.0.7-canary.6"
  resolved "https://registry.yarnpkg.com/@next/swc-android-arm-eabi/-/swc-android-arm-eabi-13.0.7-canary.6.tgz#ab9424bbf3552faa349e5cdbbce630b67f694d75"
  integrity sha512-KC3CnmEiMuTPWrYdChqNb4ueXk/dApjYsk+RQcR0xquJWnlA/7kg7spjZH3vULOaXZa5KKfo7WnIrKX2RIOBUA==

"@next/swc-android-arm64@13.0.7-canary.6":
  version "13.0.7-canary.6"
  resolved "https://registry.yarnpkg.com/@next/swc-android-arm64/-/swc-android-arm64-13.0.7-canary.6.tgz#39a08e89bbaf87a3f257b0846e1c6079e52afd10"
  integrity sha512-1krdVw3g86VXu5atKflvh1cR7WzkCZ8PpT/sK4btedWuc6tMJVeOhVnB4guSY8sdhyRjfPt/wVgRldc80WyhKw==

"@next/swc-darwin-arm64@13.0.7-canary.6":
  version "13.0.7-canary.6"
  resolved "https://registry.yarnpkg.com/@next/swc-darwin-arm64/-/swc-darwin-arm64-13.0.7-canary.6.tgz#928c2fdc07fc84a4b9cd13bbdf2a9f657717808f"
  integrity sha512-x563m3lECvYZNG9Ns2Fbw0YRDPJFG84XsWb+pfAkteLXLWOYCvaCtkSszGTM15edx7ZFnc/70m4v50L3VQEFSA==

"@next/swc-darwin-x64@13.0.7-canary.6":
  version "13.0.7-canary.6"
  resolved "https://registry.yarnpkg.com/@next/swc-darwin-x64/-/swc-darwin-x64-13.0.7-canary.6.tgz#644093df5db615fd109cb1c8a7d564f5b5e7bc60"
  integrity sha512-czYHJPgABDNPbXkJBVD8EEnNidnNBpNIO2K7ZSM18BpTMqHpr5HHkbNiHuibg3LMPiKTn5G82wPYBNqzCyrDtg==

"@next/swc-freebsd-x64@13.0.7-canary.6":
  version "13.0.7-canary.6"
  resolved "https://registry.yarnpkg.com/@next/swc-freebsd-x64/-/swc-freebsd-x64-13.0.7-canary.6.tgz#fa950505fddf917099c1690e6590a9b83279e512"
  integrity sha512-gNsIHVRQIHc02s/iTD+3cM7WUL8WCpkLnqAPMMtDe06+TUa9gL2buoH7QDD9V6wHsmh6JV3Q4ki2P9hfkdsJMA==

"@next/swc-linux-arm-gnueabihf@13.0.7-canary.6":
  version "13.0.7-canary.6"
  resolved "https://registry.yarnpkg.com/@next/swc-linux-arm-gnueabihf/-/swc-linux-arm-gnueabihf-13.0.7-canary.6.tgz#ac0530724aa67d3d92e7db187fd4fdfa1cb7ca01"
  integrity sha512-87ORH5fcrwHpkFH2ICiYCvbwR3tVi1qF2yXUWnSUy+0eVZC+U4gcfyQyDrzQ2MvBfxZ/aqMRkQ1710H0v8RREw==

"@next/swc-linux-arm64-gnu@13.0.7-canary.6":
  version "13.0.7-canary.6"
  resolved "https://registry.yarnpkg.com/@next/swc-linux-arm64-gnu/-/swc-linux-arm64-gnu-13.0.7-canary.6.tgz#398d21dae3763109eed41d0e855d4db52b5b4689"
  integrity sha512-MztWBGI8EiyuLxSybXpFcfA900LVaA2iQlcfysDXahSzIZhSlqh+wuTAsnOmSKpI8OkbJsU4gZb9cg9SoD9ifw==

"@next/swc-linux-arm64-musl@13.0.7-canary.6":
  version "13.0.7-canary.6"
  resolved "https://registry.yarnpkg.com/@next/swc-linux-arm64-musl/-/swc-linux-arm64-musl-13.0.7-canary.6.tgz#cb7234fa2de4fdd0dfc4be2f09fe7f64b0fbf1cc"
  integrity sha512-4kE/ffCt+4uQUzpvA2qRxERaE0W1ecrON7TtvKrjBjOONrafHIEJnWzQEv4YQbKom+AEBA9SchZEA0lLPONC2A==

"@next/swc-linux-x64-gnu@13.0.7-canary.6":
  version "13.0.7-canary.6"
  resolved "https://registry.yarnpkg.com/@next/swc-linux-x64-gnu/-/swc-linux-x64-gnu-13.0.7-canary.6.tgz#c6781d465adee4474a7050aeefef867a729a8eae"
  integrity sha512-x7mdnw8cir2E3BBUJs5MILO/KQ8elF76y9R1IIuHJ42zQef4SrVhZOqJWKPccHb6mDn2durRtMdtzRH8yGK0uQ==

"@next/swc-linux-x64-musl@13.0.7-canary.6":
  version "13.0.7-canary.6"
  resolved "https://registry.yarnpkg.com/@next/swc-linux-x64-musl/-/swc-linux-x64-musl-13.0.7-canary.6.tgz#712bfcb0d4a667f0a08d94142ce7ac564498e412"
  integrity sha512-REh1Wgo1EIOHkcdIqTva+PaACe10uKTZ2btOnSEp6kX37bxoY2Itvp7WPGbvh/jAfAa5ovpQQmDfBcMZS5R1zQ==

"@next/swc-win32-arm64-msvc@13.0.7-canary.6":
  version "13.0.7-canary.6"
  resolved "https://registry.yarnpkg.com/@next/swc-win32-arm64-msvc/-/swc-win32-arm64-msvc-13.0.7-canary.6.tgz#668d50f7dca6bcc92e70e1cb984a749b2c9b12f9"
  integrity sha512-etY+DZIUfSEkBJLPibibr6S2CO3efjqhBvVrI3FCo/6vqCBj1zKM7qdQssBs7A+KG0YmlQKdJhv7VhSZiVQLnQ==

"@next/swc-win32-ia32-msvc@13.0.7-canary.6":
  version "13.0.7-canary.6"
  resolved "https://registry.yarnpkg.com/@next/swc-win32-ia32-msvc/-/swc-win32-ia32-msvc-13.0.7-canary.6.tgz#a3417c9789bc95e155928f1ffc6036950b8280b9"
  integrity sha512-ylVvQ2N6Z0a8VxlSspNFipirT/54mrYzM07REfunSsX9vnx6tOugV8vnPi4V4Kdz4qbQuAuzm7gSx/RoEpQ6Ew==

"@next/swc-win32-x64-msvc@13.0.7-canary.6":
  version "13.0.7-canary.6"
  resolved "https://registry.yarnpkg.com/@next/swc-win32-x64-msvc/-/swc-win32-x64-msvc-13.0.7-canary.6.tgz#3201200a7bf37718cf17279526cb462ea3b33b5d"
  integrity sha512-FguKwC/en2VuVaMphlqqZirI8LoVPb0hP9lln6EhReQNz2rWW+uD2RXdXNCzg21mjN9tMlP4GqZaNqDmBQ/9JQ==

"@swc/helpers@0.4.14":
  version "0.4.14"
  resolved "https://registry.yarnpkg.com/@swc/helpers/-/helpers-0.4.14.tgz#1352ac6d95e3617ccb7c1498ff019654f1e12a74"
  integrity sha512-4C7nX/dvpzB7za4Ql9K81xK3HPxCpHMgwTZVyf+9JQ6VUbn9jjZVN7/Nkdz/Ugzs2CSjqnL/UPXroiVBVHUWUw==
  dependencies:
    tslib "^2.4.0"

"@types/node@18.11.14":
  version "18.11.14"
  resolved "https://registry.yarnpkg.com/@types/node/-/node-18.11.14.tgz#a8571b25f3a31e9ded14e3ab9488509adef831d8"
  integrity sha512-0KXV57tENYmmJMl+FekeW9V3O/rlcqGQQJ/hNh9r8pKIj304pskWuEd8fCyNT86g/TpO0gcOTiLzsHLEURFMIQ==

"@types/prop-types@*":
  version "15.7.5"
  resolved "https://registry.yarnpkg.com/@types/prop-types/-/prop-types-15.7.5.tgz#5f19d2b85a98e9558036f6a3cacc8819420f05cf"
  integrity sha512-JCB8C6SnDoQf0cNycqd/35A7MjcnK+ZTqE7judS6o7utxUCg6imJg3QK2qzHKszlTjcj2cn+NwMB2i96ubpj7w==

"@types/react-dom@18.0.9":
  version "18.0.9"
  resolved "https://registry.yarnpkg.com/@types/react-dom/-/react-dom-18.0.9.tgz#ffee5e4bfc2a2f8774b15496474f8e7fe8d0b504"
  integrity sha512-qnVvHxASt/H7i+XG1U1xMiY5t+IHcPGUK7TDMDzom08xa7e86eCeKOiLZezwCKVxJn6NEiiy2ekgX8aQssjIKg==
  dependencies:
    "@types/react" "*"

"@types/react@*", "@types/react@18.0.26":
  version "18.0.26"
  resolved "https://registry.yarnpkg.com/@types/react/-/react-18.0.26.tgz#8ad59fc01fef8eaf5c74f4ea392621749f0b7917"
  integrity sha512-hCR3PJQsAIXyxhTNSiDFY//LhnMZWpNNr5etoCqx/iUfGc5gXWtQR2Phl908jVR6uPXacojQWTg4qRpkxTuGug==
  dependencies:
    "@types/prop-types" "*"
    "@types/scheduler" "*"
    csstype "^3.0.2"

"@types/scheduler@*":
  version "0.16.2"
  resolved "https://registry.yarnpkg.com/@types/scheduler/-/scheduler-0.16.2.tgz#1a62f89525723dde24ba1b01b092bf5df8ad4d39"
  integrity sha512-hppQEBDmlwhFAXKJX2KnWLYu5yMfi91yazPb2l+lbJiwW+wdo1gNeRA+3RgNSO39WYX2euey41KEwnqesU2Jew==

caniuse-lite@^1.0.30001406:
  version "1.0.30001439"
  resolved "https://registry.yarnpkg.com/caniuse-lite/-/caniuse-lite-1.0.30001439.tgz#ab7371faeb4adff4b74dad1718a6fd122e45d9cb"
  integrity sha512-1MgUzEkoMO6gKfXflStpYgZDlFM7M/ck/bgfVCACO5vnAf0fXoNVHdWtqGU+MYca+4bL9Z5bpOVmR33cWW9G2A==

client-only@0.0.1:
  version "0.0.1"
  resolved "https://registry.yarnpkg.com/client-only/-/client-only-0.0.1.tgz#38bba5d403c41ab150bff64a95c85013cf73bca1"
  integrity sha512-IV3Ou0jSMzZrd3pZ48nLkT9DA7Ag1pnPzaiQhpW7c3RbcqqzvzzVu+L8gfqMp/8IM2MQtSiqaCxrrcfu8I8rMA==

csstype@^3.0.2:
  version "3.1.1"
  resolved "https://registry.yarnpkg.com/csstype/-/csstype-3.1.1.tgz#841b532c45c758ee546a11d5bd7b7b473c8c30b9"
  integrity sha512-DJR/VvkAvSZW9bTouZue2sSxDwdTN92uHjqeKVm+0dAqdfNykRzQ95tay8aXMBAAPpUiq4Qcug2L7neoRh2Egw==

"js-tokens@^3.0.0 || ^4.0.0":
  version "4.0.0"
  resolved "https://registry.yarnpkg.com/js-tokens/-/js-tokens-4.0.0.tgz#19203fb59991df98e3a287050d4647cdeaf32499"
  integrity sha512-RdJUflcE3cUzKiMqQgsCu06FPu9UdIJO0beYbPhHN4k6apgJtifcoCtT9bcxOpYBtpD2kCM6Sbzg4CausW/PKQ==

loose-envify@^1.1.0:
  version "1.4.0"
  resolved "https://registry.yarnpkg.com/loose-envify/-/loose-envify-1.4.0.tgz#71ee51fa7be4caec1a63839f7e682d8132d30caf"
  integrity sha512-lyuxPGr/Wfhrlem2CL/UcnUc1zcqKAImBDzukY7Y5F/yQiNdko6+fRLevlw1HgMySw7f611UIY408EtxRSoK3Q==
  dependencies:
    js-tokens "^3.0.0 || ^4.0.0"

nanoid@^3.3.4:
  version "3.3.4"
  resolved "https://registry.yarnpkg.com/nanoid/-/nanoid-3.3.4.tgz#730b67e3cd09e2deacf03c027c81c9d9dbc5e8ab"
  integrity sha512-MqBkQh/OHTS2egovRtLk45wEyNXwF+cokD+1YPf9u5VfJiRdAiRwB2froX5Co9Rh20xs4siNPm8naNotSD6RBw==

next@^13.0.7-canary.6:
  version "13.0.7-canary.6"
  resolved "https://registry.yarnpkg.com/next/-/next-13.0.7-canary.6.tgz#d3ecd0d9f4577dce7a75143072835741008e7fd9"
  integrity sha512-lgLLK+yTgHY+qUb4Imom8yXcjIXvYGx+p8oZZbuN2xnp/xde9ltKvT+GCsASxB79j1CMGz4sMUaDU4J2vaczJg==
  dependencies:
    "@next/env" "13.0.7-canary.6"
    "@swc/helpers" "0.4.14"
    caniuse-lite "^1.0.30001406"
    postcss "8.4.14"
    styled-jsx "5.1.0"
  optionalDependencies:
    "@next/swc-android-arm-eabi" "13.0.7-canary.6"
    "@next/swc-android-arm64" "13.0.7-canary.6"
    "@next/swc-darwin-arm64" "13.0.7-canary.6"
    "@next/swc-darwin-x64" "13.0.7-canary.6"
    "@next/swc-freebsd-x64" "13.0.7-canary.6"
    "@next/swc-linux-arm-gnueabihf" "13.0.7-canary.6"
    "@next/swc-linux-arm64-gnu" "13.0.7-canary.6"
    "@next/swc-linux-arm64-musl" "13.0.7-canary.6"
    "@next/swc-linux-x64-gnu" "13.0.7-canary.6"
    "@next/swc-linux-x64-musl" "13.0.7-canary.6"
    "@next/swc-win32-arm64-msvc" "13.0.7-canary.6"
    "@next/swc-win32-ia32-msvc" "13.0.7-canary.6"
    "@next/swc-win32-x64-msvc" "13.0.7-canary.6"

picocolors@^1.0.0:
  version "1.0.0"
  resolved "https://registry.yarnpkg.com/picocolors/-/picocolors-1.0.0.tgz#cb5bdc74ff3f51892236eaf79d68bc44564ab81c"
  integrity sha512-1fygroTLlHu66zi26VoTDv8yRgm0Fccecssto+MhsZ0D/DGW2sm8E8AjW7NU5VVTRt5GxbeZ5qBuJr+HyLYkjQ==

postcss@8.4.14:
  version "8.4.14"
  resolved "https://registry.yarnpkg.com/postcss/-/postcss-8.4.14.tgz#ee9274d5622b4858c1007a74d76e42e56fd21caf"
  integrity sha512-E398TUmfAYFPBSdzgeieK2Y1+1cpdxJx8yXbK/m57nRhKSmk1GB2tO4lbLBtlkfPQTDKfe4Xqv1ASWPpayPEig==
  dependencies:
    nanoid "^3.3.4"
    picocolors "^1.0.0"
    source-map-js "^1.0.2"

react-dom@18.2.0:
  version "18.2.0"
  resolved "https://registry.yarnpkg.com/react-dom/-/react-dom-18.2.0.tgz#22aaf38708db2674ed9ada224ca4aa708d821e3d"
  integrity sha512-6IMTriUmvsjHUjNtEDudZfuDQUoWXVxKHhlEGSk81n4YFS+r/Kl99wXiwlVXtPBtJenozv2P+hxDsw9eA7Xo6g==
  dependencies:
    loose-envify "^1.1.0"
    scheduler "^0.23.0"

react@18.2.0:
  version "18.2.0"
  resolved "https://registry.yarnpkg.com/react/-/react-18.2.0.tgz#555bd98592883255fa00de14f1151a917b5d77d5"
  integrity sha512-/3IjMdb2L9QbBdWiW5e3P2/npwMBaU9mHCSCUzNln0ZCYbcfTsGbTJrU/kGemdH2IWmB2ioZ+zkxtmq6g09fGQ==
  dependencies:
    loose-envify "^1.1.0"

scheduler@^0.23.0:
  version "0.23.0"
  resolved "https://registry.yarnpkg.com/scheduler/-/scheduler-0.23.0.tgz#ba8041afc3d30eb206a487b6b384002e4e61fdfe"
  integrity sha512-CtuThmgHNg7zIZWAXi3AsyIzA3n4xx7aNyjwC2VJldO2LMVDhFK+63xGqq6CsJH4rTAt6/M+N4GhZiDYPx9eUw==
  dependencies:
    loose-envify "^1.1.0"

source-map-js@^1.0.2:
  version "1.0.2"
  resolved "https://registry.yarnpkg.com/source-map-js/-/source-map-js-1.0.2.tgz#adbc361d9c62df380125e7f161f71c826f1e490c"
  integrity sha512-R0XvVJ9WusLiqTCEiGCmICCMplcCkIwwR11mOSD9CR5u+IXYdiseeEuXCVAjS54zqwkLcPNnmU4OeJ6tUrWhDw==

styled-jsx@5.1.0:
  version "5.1.0"
  resolved "https://registry.yarnpkg.com/styled-jsx/-/styled-jsx-5.1.0.tgz#4a5622ab9714bd3fcfaeec292aa555871f057563"
  integrity sha512-/iHaRJt9U7T+5tp6TRelLnqBqiaIT0HsO0+vgyj8hK2KUk7aejFqRrumqPUlAqDwAj8IbS/1hk3IhBAAK/FCUQ==
  dependencies:
    client-only "0.0.1"

tslib@^2.4.0:
  version "2.4.1"
  resolved "https://registry.yarnpkg.com/tslib/-/tslib-2.4.1.tgz#0d0bfbaac2880b91e22df0768e55be9753a5b17e"
  integrity sha512-tGyy4dAjRIEwI7BzsB0lynWgOpfqjUdq91XXAlIWD2OwKBH7oCl/GZG/HT4BOHrTlPMOASlMQ7veyTqpmRcrNA==

typescript@4.9.4:
  version "4.9.4"
  resolved "https://registry.yarnpkg.com/typescript/-/typescript-4.9.4.tgz#a2a3d2756c079abda241d75f149df9d561091e78"
  integrity sha512-Uz+dTXYzxXXbsFpM86Wh3dKCxrQqUcVMxwU54orwlJjOpO3ao8L7j5lH+dWfTwgCwIuM9GQ2kvVotzYJMXTBZg==
